<?xml version="1.0" encoding="utf-8"?>
<Project ToolsVersion="4.0" xmlns="http://schemas.microsoft.com/developer/msbuild/2003">
  <ItemGroup>
    <Filter Include="Header Files">
      <UniqueIdentifier>{b5745e78-4781-48e5-9c48-ec45bea822dc}</UniqueIdentifier>
    </Filter>
    <Filter Include="Header Files\Clarity Math">
      <UniqueIdentifier>{e25cf4fc-e606-49d7-a712-cd47b4c5403d}</UniqueIdentifier>
    </Filter>
    <Filter Include="Resource Files">
      <UniqueIdentifier>{16900c6e-56ea-411f-bed1-c9b0eb14a5e9}</UniqueIdentifier>
    </Filter>
    <Filter Include="Source Files">
      <UniqueIdentifier>{008ffd72-15b6-48a6-b45d-100e44ec5ef3}</UniqueIdentifier>
    </Filter>
    <Filter Include="Source Files\Clarity Math">
      <UniqueIdentifier>{4376c3df-2f73-4d5f-a755-d7d1555312be}</UniqueIdentifier>
    </Filter>
  </ItemGroup>
  <ItemGroup>
    <ClInclude Include="include\Agent.h">
      <Filter>Header Files</Filter>
    </ClInclude>
    <ClInclude Include="include\EditorInterface.h">
      <Filter>Header Files</Filter>
    </ClInclude>
    <ClInclude Include="include\EntityManager.h">
      <Filter>Header Files</Filter>
    </ClInclude>
    <ClInclude Include="include\GameGlobals.h">
      <Filter>Header Files</Filter>
    </ClInclude>
    <ClInclude Include="include\GameInterface.h">
      <Filter>Header Files</Filter>
    </ClInclude>
    <ClInclude Include="include\GameSettings.h">
      <Filter>Header Files</Filter>
    </ClInclude>
    <ClInclude Include="include\GameTimer.h">
      <Filter>Header Files</Filter>
    </ClInclude>
    <ClInclude Include="include\GeneticAlgorithm.h">
      <Filter>Header Files</Filter>
    </ClInclude>
    <ClInclude Include="include\Genome.h">
      <Filter>Header Files</Filter>
    </ClInclude>
    <ClInclude Include="include\MemoryLeak.h">
      <Filter>Header Files</Filter>
    </ClInclude>
    <ClInclude Include="include\NeuralNet.h">
      <Filter>Header Files</Filter>
    </ClInclude>
    <ClInclude Include="include\NLayer.h">
      <Filter>Header Files</Filter>
    </ClInclude>
    <ClInclude Include="include\TrackPolygon.h">
      <Filter>Header Files</Filter>
    </ClInclude>
    <ClInclude Include="include\Clarity\Math\AABox.h">
      <Filter>Header Files\Clarity Math</Filter>
    </ClInclude>
    <ClInclude Include="include\Clarity\Math\AARect.h">
      <Filter>Header Files\Clarity Math</Filter>
    </ClInclude>
    <ClInclude Include="include\Clarity\Math\Area.h">
      <Filter>Header Files\Clarity Math</Filter>
    </ClInclude>
    <ClInclude Include="include\Clarity\Math\Circle.h">
      <Filter>Header Files\Clarity Math</Filter>
    </ClInclude>
    <ClInclude Include="include\Clarity\Math\Direction.h">
      <Filter>Header Files\Clarity Math</Filter>
    </ClInclude>
    <ClInclude Include="include\Clarity\Math\EulerAngle.h">
      <Filter>Header Files\Clarity Math</Filter>
    </ClInclude>
    <ClInclude Include="include\Clarity\Math\Line2.h">
      <Filter>Header Files\Clarity Math</Filter>
    </ClInclude>
    <ClInclude Include="include\Clarity\Math\Line3.h">
      <Filter>Header Files\Clarity Math</Filter>
    </ClInclude>
    <ClInclude Include="include\Clarity\Math\LineSegment2.h">
      <Filter>Header Files\Clarity Math</Filter>
    </ClInclude>
    <ClInclude Include="include\Clarity\Math\LineSegment3.h">
      <Filter>Header Files\Clarity Math</Filter>
    </ClInclude>
    <ClInclude Include="include\Clarity\Math\Math.h">
      <Filter>Header Files\Clarity Math</Filter>
    </ClInclude>
    <ClInclude Include="include\Clarity\Math\Matrix2.h">
      <Filter>Header Files\Clarity Math</Filter>
    </ClInclude>
    <ClInclude Include="include\Clarity\Math\Matrix3.h">
      <Filter>Header Files\Clarity Math</Filter>
    </ClInclude>
    <ClInclude Include="include\Clarity\Math\Matrix4.h">
      <Filter>Header Files\Clarity Math</Filter>
    </ClInclude>
    <ClInclude Include="include\Clarity\Math\Mirror.h">
      <Filter>Header Files\Clarity Math</Filter>
    </ClInclude>
    <ClInclude Include="include\Clarity\Math\Quaternion.h">
      <Filter>Header Files\Clarity Math</Filter>
    </ClInclude>
    <ClInclude Include="include\Clarity\Math\Random.h">
      <Filter>Header Files\Clarity Math</Filter>
    </ClInclude>
    <ClInclude Include="include\Clarity\Math\Ray2.h">
      <Filter>Header Files\Clarity Math</Filter>
    </ClInclude>
    <ClInclude Include="include\Clarity\Math\Sphere.h">
      <Filter>Header Files\Clarity Math</Filter>
    </ClInclude>
    <ClInclude Include="include\Clarity\Math\Vector2.h">
      <Filter>Header Files\Clarity Math</Filter>
    </ClInclude>
    <ClInclude Include="include\Clarity\Math\Vector3.h">
      <Filter>Header Files\Clarity Math</Filter>
    </ClInclude>
    <ClInclude Include="include\Clarity\Math\Vector4.h">
      <Filter>Header Files\Clarity Math</Filter>
    </ClInclude>
  </ItemGroup>
  <ItemGroup>
    <Text Include="include\Resources.txt">
      <Filter>Resource Files</Filter>
    </Text>
    <Text Include="include\Template.txt">
      <Filter>Resource Files</Filter>
    </Text>
  </ItemGroup>
  <ItemGroup>
    <ClCompile Include="src\Agent.cpp">
      <Filter>Source Files</Filter>
    </ClCompile>
    <ClCompile Include="src\EditorInterface.cpp">
      <Filter>Source Files</Filter>
    </ClCompile>
    <ClCompile Include="src\EntityManager.cpp">
      <Filter>Source Files</Filter>
    </ClCompile>
    <ClCompile Include="src\GameGlobals.cpp">
      <Filter>Source Files</Filter>
    </ClCompile>
    <ClCompile Include="src\GameInterface.cpp">
      <Filter>Source Files</Filter>
    </ClCompile>
    <ClCompile Include="src\GameSettings.cpp">
      <Filter>Source Files</Filter>
    </ClCompile>
    <ClCompile Include="src\GameTimer.cpp">
      <Filter>Source Files</Filter>
    </ClCompile>
    <ClCompile Include="src\GeneticAlgorithm.cpp">
      <Filter>Source Files</Filter>
    </ClCompile>
    <ClCompile Include="src\NeuralNet.cpp">
      <Filter>Source Files</Filter>
    </ClCompile>
    <ClCompile Include="src\NLayer.cpp">
      <Filter>Source Files</Filter>
    </ClCompile>
    <ClCompile Include="src\TrackPolygon.cpp">
      <Filter>Source Files</Filter>
    </ClCompile>
    <ClCompile Include="src\AABox.cpp">
      <Filter>Source Files\Clarity Math</Filter>
    </ClCompile>
    <ClCompile Include="src\AARect.cpp">
      <Filter>Source Files\Clarity Math</Filter>
    </ClCompile>
    <ClCompile Include="src\Area.cpp">
      <Filter>Source Files\Clarity Math</Filter>
    </ClCompile>
    <ClCompile Include="src\Circle.cpp">
      <Filter>Source Files\Clarity Math</Filter>
    </ClCompile>
    <ClCompile Include="src\Direction.cpp">
      <Filter>Source Files\Clarity Math</Filter>
    </ClCompile>
    <ClCompile Include="src\Line2.cpp">
      <Filter>Source Files\Clarity Math</Filter>
    </ClCompile>
    <ClCompile Include="src\Line3.cpp">
      <Filter>Source Files\Clarity Math</Filter>
    </ClCompile>
    <ClCompile Include="src\LineSegment2.cpp">
      <Filter>Source Files\Clarity Math</Filter>
    </ClCompile>
    <ClCompile Include="src\LineSegment3.cpp">
      <Filter>Source Files\Clarity Math</Filter>
    </ClCompile>
    <ClCompile Include="src\Math.cpp">
      <Filter>Source Files\Clarity Math</Filter>
    </ClCompile>
    <ClCompile Include="src\Matrix2.cpp">
      <Filter>Source Files\Clarity Math</Filter>
    </ClCompile>
    <ClCompile Include="src\Matrix3.cpp">
      <Filter>Source Files\Clarity Math</Filter>
    </ClCompile>
    <ClCompile Include="src\Matrix4.cpp">
      <Filter>Source Files\Clarity Math</Filter>
    </ClCompile>
    <ClCompile Include="src\Mirror.cpp">
      <Filter>Source Files\Clarity Math</Filter>
    </ClCompile>
    <ClCompile Include="src\Quaternion.cpp">
      <Filter>Source Files\Clarity Math</Filter>
    </ClCompile>
    <ClCompile Include="src\Random.cpp">
      <Filter>Source Files\Clarity Math</Filter>
    </ClCompile>
    <ClCompile Include="src\Ray2.cpp">
      <Filter>Source Files\Clarity Math</Filter>
    </ClCompile>
    <ClCompile Include="src\Sphere.cpp">
      <Filter>Source Files\Clarity Math</Filter>
    </ClCompile>
    <ClCompile Include="src\Vector2.cpp">
      <Filter>Source Files\Clarity Math</Filter>
    </ClCompile>
    <ClCompile Include="src\Vector3.cpp">
      <Filter>Source Files\Clarity Math</Filter>
    </ClCompile>
    <ClCompile Include="src\Vector4.cpp">
      <Filter>Source Files\Clarity Math</Filter>
    </ClCompile>
    <ClCompile Include="src\Main.cpp" />
  </ItemGroup>
</Project>